
Microsoft Visual Studio Solution File, Format Version 12.00
# Visual Studio Version 17
VisualStudioVersion = 17.5.33516.290
MinimumVisualStudioVersion = 10.0.40219.1
Project("{FAE04EC0-301F-11D3-BF4B-00C04F79EFBC}") = "MVC-IRM2-2", "MVC-IRM2-2\MVC-IRM2-2.csproj", "{FA3735D9-4496-4FBF-A411-28014A5336CF}"
EndProject
Global
	GlobalSection(SolutionConfigurationPlatforms) = preSolution
		Debug|Any CPU = Debug|Any CPU
		Release|Any CPU = Release|Any CPU
	EndGlobalSection
	GlobalSection(ProjectConfigurationPlatforms) = postSolution
		{FA3735D9-4496-4FBF-A411-28014A5336CF}.Debug|Any CPU.ActiveCfg = Debug|Any CPU
		{FA3735D9-4496-4FBF-A411-28014A5336CF}.Debug|Any CPU.Build.0 = Debug|Any CPU
		{FA3735D9-4496-4FBF-A411-28014A5336CF}.Release|Any CPU.ActiveCfg = Release|Any CPU
		{FA3735D9-4496-4FBF-A411-28014A5336CF}.Release|Any CPU.Build.0 = Release|Any CPU
	EndGlobalSection
	GlobalSection(SolutionProperties) = preSolution
		HideSolutionNode = FALSE
	EndGlobalSection
	GlobalSection(ExtensibilityGlobals) = postSolution
		SolutionGuid = {BDD4017F-D321-4C0B-82B9-90CBA5B04BA3}
	EndGlobalSection
EndGlobal
